
Microsoft Visual Studio Solution File, Format Version 12.00
# Visual Studio 14
VisualStudioVersion = 14.0.25420.1
MinimumVisualStudioVersion = 10.0.40219.1
Project("{FAE04EC0-301F-11D3-BF4B-00C04F79EFBC}") = "Steganography APP", "Steganography APP\Steganography APP.csproj", "{1AD73128-5327-4B10-A3AA-E96BD0B0D9D0}"
EndProject
Project("{54435603-DBB4-11D2-8724-00A0C9A8B90C}") = "SteganographySetup", "SteganographySetup\SteganographySetup.vdproj", "{37279BC2-EB2C-47DE-8EE5-EDAAB743FDE6}"
EndProject
Global
	GlobalSection(SolutionConfigurationPlatforms) = preSolution
		Debug|Any CPU = Debug|Any CPU
		Release|Any CPU = Release|Any CPU
	EndGlobalSection
	GlobalSection(ProjectConfigurationPlatforms) = postSolution
		{1AD73128-5327-4B10-A3AA-E96BD0B0D9D0}.Debug|Any CPU.ActiveCfg = Debug|Any CPU
		{1AD73128-5327-4B10-A3AA-E96BD0B0D9D0}.Debug|Any CPU.Build.0 = Debug|Any CPU
		{1AD73128-5327-4B10-A3AA-E96BD0B0D9D0}.Release|Any CPU.ActiveCfg = Release|Any CPU
		{1AD73128-5327-4B10-A3AA-E96BD0B0D9D0}.Release|Any CPU.Build.0 = Release|Any CPU
		{37279BC2-EB2C-47DE-8EE5-EDAAB743FDE6}.Debug|Any CPU.ActiveCfg = Debug
		{37279BC2-EB2C-47DE-8EE5-EDAAB743FDE6}.Release|Any CPU.ActiveCfg = Release
	EndGlobalSection
	GlobalSection(SolutionProperties) = preSolution
		HideSolutionNode = FALSE
	EndGlobalSection
EndGlobal
